
Microsoft Visual Studio Solution File, Format Version 12.00
# Visual Studio Version 16
VisualStudioVersion = 16.0.29509.3
MinimumVisualStudioVersion = 10.0.40219.1
Project("{FAE04EC0-301F-11D3-BF4B-00C04F79EFBC}") = "DotNetAdvanced.AnonymousFunctionsAndTypes", "DotNetAdvanced.AnonymousFunctionsAndTypes\DotNetAdvanced.AnonymousFunctionsAndTypes.csproj", "{87A60196-1BB2-456F-B6DB-E9C5D9335A5D}"
EndProject
Project("{FAE04EC0-301F-11D3-BF4B-00C04F79EFBC}") = "DotNetAdvanced.Linq", "DotNetAdvanced.Linq\DotNetAdvanced.Linq.csproj", "{A983DC8C-BF1B-425A-BA6F-1D0AF6EA8745}"
EndProject
Project("{FAE04EC0-301F-11D3-BF4B-00C04F79EFBC}") = "DotNetAdvanced.CoAndContrVariance", "DotNetAdvanced.CoAndContrVariance\DotNetAdvanced.CoAndContrVariance.csproj", "{51840751-FC53-46C0-B518-4B7922CAAD7D}"
EndProject
Project("{FAE04EC0-301F-11D3-BF4B-00C04F79EFBC}") = "DotNetAdvanced.ConcurrentCollections", "DotNetAdvanced.ConcurrentCollections\DotNetAdvanced.ConcurrentCollections.csproj", "{127B77BA-5BD2-4F84-B19D-1E84DD07780E}"
EndProject
Project("{FAE04EC0-301F-11D3-BF4B-00C04F79EFBC}") = "DotNetAdvanced.CustomCollection", "DotNetAdvanced.CustomCollection\DotNetAdvanced.CustomCollection.csproj", "{93296F4B-26CE-42FF-8039-4283DB6BC4F0}"
EndProject
Project("{FAE04EC0-301F-11D3-BF4B-00C04F79EFBC}") = "DotNetAdvanced.ExtensionsMethods", "DotNetAdvanced.ExtensionsMethods\DotNetAdvanced.ExtensionsMethods.csproj", "{EBBBE0A8-6213-4CBC-AF9E-9FE528BEB484}"
EndProject
Project("{FAE04EC0-301F-11D3-BF4B-00C04F79EFBC}") = "DotNetAdvanced.GenericType_CQRS", "DotNetAdvanced.GenericType_CQRS\DotNetAdvanced.GenericType_CQRS.csproj", "{0B000194-3DA1-4959-BEA4-96C55B5FBB30}"
EndProject
Project("{FAE04EC0-301F-11D3-BF4B-00C04F79EFBC}") = "DotNetAdvanced.GenericType_Repository", "DotNetAdvanced.GenericType_Repository\DotNetAdvanced.GenericType_Repository.csproj", "{7254D7CB-A49B-4D0E-B9D4-0D954F2FA5E8}"
EndProject
Project("{FAE04EC0-301F-11D3-BF4B-00C04F79EFBC}") = "DotNetAdvanced.Reflection", "DotNetAdvanced.Reflection\DotNetAdvanced.Reflection.csproj", "{E5717663-5B3C-4DA3-B89A-BA2241AABC22}"
EndProject
Project("{FAE04EC0-301F-11D3-BF4B-00C04F79EFBC}") = "DotNetAdvanced.Autofac", "DotNetAdvanced.Autofac\DotNetAdvanced.Autofac.csproj", "{2E175C97-F1A5-4F25-8F68-6D1E32E69217}"
EndProject
Project("{FAE04EC0-301F-11D3-BF4B-00C04F79EFBC}") = "DotNetAdvanced.Async", "DotNetAdvanced.Async\DotNetAdvanced.Async.csproj", "{2A02A831-B8A2-431F-80ED-6EB6050DB4CE}"
EndProject
Project("{FAE04EC0-301F-11D3-BF4B-00C04F79EFBC}") = "DotNetAdvanced.MultiThreading", "DotNetAdvanced.MultiThreading\DotNetAdvanced.MultiThreading.csproj", "{317040A3-CD4E-4B90-B8DD-EDFCF20CF0F8}"
EndProject
Project("{FAE04EC0-301F-11D3-BF4B-00C04F79EFBC}") = "DotNetAdvanced.MultiThreadingSynchronization", "DotNetAdvanced.MultiThreadingSynchronization\DotNetAdvanced.MultiThreadingSynchronization.csproj", "{B0D59E9A-A695-4DA6-9BC6-2D3912740D73}"
EndProject
Project("{FAE04EC0-301F-11D3-BF4B-00C04F79EFBC}") = "DotNetAdvanced.Tasks", "DotNetAdvanced.Tasks\DotNetAdvanced.Tasks.csproj", "{95B5E060-28AD-46B8-95E3-39DA3FC28094}"
EndProject
Project("{FAE04EC0-301F-11D3-BF4B-00C04F79EFBC}") = "DotNetAdvanced.TPL", "DotNetAdvanced.TPL\DotNetAdvanced.TPL.csproj", "{F54642E5-113B-424E-A317-F2A90A9405CA}"
EndProject
Project("{FAE04EC0-301F-11D3-BF4B-00C04F79EFBC}") = "DotNetAdvanced.PLinq", "DotNetAdvanced.PLinq\DotNetAdvanced.PLinq.csproj", "{E3F21BBB-F2F5-42E5-BA29-7A40E28F6186}"
EndProject
Project("{9A19103F-16F7-4668-BE54-9A1E7A4F7556}") = "DotNetAdvanced.AsyncRepository", "DotNetAdvanced.AsyncRepository\DotNetAdvanced.AsyncRepository.csproj", "{5D35F231-CA81-4B50-BFB7-FC8EC01AAB4A}"
EndProject
Project("{FAE04EC0-301F-11D3-BF4B-00C04F79EFBC}") = "DotNetAdvanced.Autofac.Tests", "DotNetAdvanced.Autofac.Tests\DotNetAdvanced.Autofac.Tests.csproj", "{8FBAE068-7396-42D6-B5D9-571405A3B4A6}"
EndProject
Project("{FAE04EC0-301F-11D3-BF4B-00C04F79EFBC}") = "DotNetAdvanced.PLinq.Tests", "DotNetAdvanced.PLinq.Tests\DotNetAdvanced.PLinq.Tests.csproj", "{7558DD12-1F75-4F50-9664-A68A09E1D49D}"
EndProject
Project("{FAE04EC0-301F-11D3-BF4B-00C04F79EFBC}") = "DotNetAdvanced.RabbitMQConsumer", "DotNetAdvanced.RabbitMQConsumer\DotNetAdvanced.RabbitMQConsumer.csproj", "{813C6169-938F-4989-BC2E-EE8F97989A94}"
EndProject
Project("{FAE04EC0-301F-11D3-BF4B-00C04F79EFBC}") = "DotNetAdvanced.Api", "DotNetAdvanced.Api\DotNetAdvanced.Api.csproj", "{D4FE7C94-EA58-4875-8F52-58E66EB96996}"
EndProject
Project("{FAE04EC0-301F-11D3-BF4B-00C04F79EFBC}") = "DotNetAdvanced.ApiClient", "DotNetAdvanced.ApiClient\DotNetAdvanced.ApiClient.csproj", "{68F939CB-BFE5-4BDA-AC85-43A9075D108B}"
EndProject
Project("{FAE04EC0-301F-11D3-BF4B-00C04F79EFBC}") = "DotNetAdvanced.MultiThreadingBombs", "DotNetAdvanced.MultiThreadingBombs\DotNetAdvanced.MultiThreadingBombs.csproj", "{ECF44D3E-4A39-4C34-A4E7-0311C74231C8}"
EndProject
Project("{FAE04EC0-301F-11D3-BF4B-00C04F79EFBC}") = "DotNetAdvanced.PostSharp", "DotNetAdvanced.PostSharp\DotNetAdvanced.PostSharp.csproj", "{AF4CCF48-0DDE-4C0A-8E70-3BFBFD062940}"
EndProject
Project("{FAE04EC0-301F-11D3-BF4B-00C04F79EFBC}") = "DotNetAdvanced.RabbitMQProducer", "DotNetAdvanced.RabbitMQProducer\DotNetAdvanced.RabbitMQProducer.csproj", "{B164EF13-FB3B-4A6D-B5C1-7DB349736128}"
EndProject
Global
	GlobalSection(SolutionConfigurationPlatforms) = preSolution
		Debug|Any CPU = Debug|Any CPU
		Release|Any CPU = Release|Any CPU
	EndGlobalSection
	GlobalSection(ProjectConfigurationPlatforms) = postSolution
		{87A60196-1BB2-456F-B6DB-E9C5D9335A5D}.Debug|Any CPU.ActiveCfg = Debug|Any CPU
		{87A60196-1BB2-456F-B6DB-E9C5D9335A5D}.Debug|Any CPU.Build.0 = Debug|Any CPU
		{87A60196-1BB2-456F-B6DB-E9C5D9335A5D}.Release|Any CPU.ActiveCfg = Release|Any CPU
		{87A60196-1BB2-456F-B6DB-E9C5D9335A5D}.Release|Any CPU.Build.0 = Release|Any CPU
		{A983DC8C-BF1B-425A-BA6F-1D0AF6EA8745}.Debug|Any CPU.ActiveCfg = Debug|Any CPU
		{A983DC8C-BF1B-425A-BA6F-1D0AF6EA8745}.Debug|Any CPU.Build.0 = Debug|Any CPU
		{A983DC8C-BF1B-425A-BA6F-1D0AF6EA8745}.Release|Any CPU.ActiveCfg = Release|Any CPU
		{A983DC8C-BF1B-425A-BA6F-1D0AF6EA8745}.Release|Any CPU.Build.0 = Release|Any CPU
		{51840751-FC53-46C0-B518-4B7922CAAD7D}.Debug|Any CPU.ActiveCfg = Debug|Any CPU
		{51840751-FC53-46C0-B518-4B7922CAAD7D}.Debug|Any CPU.Build.0 = Debug|Any CPU
		{51840751-FC53-46C0-B518-4B7922CAAD7D}.Release|Any CPU.ActiveCfg = Release|Any CPU
		{51840751-FC53-46C0-B518-4B7922CAAD7D}.Release|Any CPU.Build.0 = Release|Any CPU
		{127B77BA-5BD2-4F84-B19D-1E84DD07780E}.Debug|Any CPU.ActiveCfg = Debug|Any CPU
		{127B77BA-5BD2-4F84-B19D-1E84DD07780E}.Debug|Any CPU.Build.0 = Debug|Any CPU
		{127B77BA-5BD2-4F84-B19D-1E84DD07780E}.Release|Any CPU.ActiveCfg = Release|Any CPU
		{127B77BA-5BD2-4F84-B19D-1E84DD07780E}.Release|Any CPU.Build.0 = Release|Any CPU
		{93296F4B-26CE-42FF-8039-4283DB6BC4F0}.Debug|Any CPU.ActiveCfg = Debug|Any CPU
		{93296F4B-26CE-42FF-8039-4283DB6BC4F0}.Debug|Any CPU.Build.0 = Debug|Any CPU
		{93296F4B-26CE-42FF-8039-4283DB6BC4F0}.Release|Any CPU.ActiveCfg = Release|Any CPU
		{93296F4B-26CE-42FF-8039-4283DB6BC4F0}.Release|Any CPU.Build.0 = Release|Any CPU
		{EBBBE0A8-6213-4CBC-AF9E-9FE528BEB484}.Debug|Any CPU.ActiveCfg = Debug|Any CPU
		{EBBBE0A8-6213-4CBC-AF9E-9FE528BEB484}.Debug|Any CPU.Build.0 = Debug|Any CPU
		{EBBBE0A8-6213-4CBC-AF9E-9FE528BEB484}.Release|Any CPU.ActiveCfg = Release|Any CPU
		{EBBBE0A8-6213-4CBC-AF9E-9FE528BEB484}.Release|Any CPU.Build.0 = Release|Any CPU
		{0B000194-3DA1-4959-BEA4-96C55B5FBB30}.Debug|Any CPU.ActiveCfg = Debug|Any CPU
		{0B000194-3DA1-4959-BEA4-96C55B5FBB30}.Debug|Any CPU.Build.0 = Debug|Any CPU
		{0B000194-3DA1-4959-BEA4-96C55B5FBB30}.Release|Any CPU.ActiveCfg = Release|Any CPU
		{0B000194-3DA1-4959-BEA4-96C55B5FBB30}.Release|Any CPU.Build.0 = Release|Any CPU
		{7254D7CB-A49B-4D0E-B9D4-0D954F2FA5E8}.Debug|Any CPU.ActiveCfg = Debug|Any CPU
		{7254D7CB-A49B-4D0E-B9D4-0D954F2FA5E8}.Debug|Any CPU.Build.0 = Debug|Any CPU
		{7254D7CB-A49B-4D0E-B9D4-0D954F2FA5E8}.Release|Any CPU.ActiveCfg = Release|Any CPU
		{7254D7CB-A49B-4D0E-B9D4-0D954F2FA5E8}.Release|Any CPU.Build.0 = Release|Any CPU
		{E5717663-5B3C-4DA3-B89A-BA2241AABC22}.Debug|Any CPU.ActiveCfg = Debug|Any CPU
		{E5717663-5B3C-4DA3-B89A-BA2241AABC22}.Debug|Any CPU.Build.0 = Debug|Any CPU
		{E5717663-5B3C-4DA3-B89A-BA2241AABC22}.Release|Any CPU.ActiveCfg = Release|Any CPU
		{E5717663-5B3C-4DA3-B89A-BA2241AABC22}.Release|Any CPU.Build.0 = Release|Any CPU
		{2E175C97-F1A5-4F25-8F68-6D1E32E69217}.Debug|Any CPU.ActiveCfg = Debug|Any CPU
		{2E175C97-F1A5-4F25-8F68-6D1E32E69217}.Debug|Any CPU.Build.0 = Debug|Any CPU
		{2E175C97-F1A5-4F25-8F68-6D1E32E69217}.Release|Any CPU.ActiveCfg = Release|Any CPU
		{2E175C97-F1A5-4F25-8F68-6D1E32E69217}.Release|Any CPU.Build.0 = Release|Any CPU
		{2A02A831-B8A2-431F-80ED-6EB6050DB4CE}.Debug|Any CPU.ActiveCfg = Debug|Any CPU
		{2A02A831-B8A2-431F-80ED-6EB6050DB4CE}.Debug|Any CPU.Build.0 = Debug|Any CPU
		{2A02A831-B8A2-431F-80ED-6EB6050DB4CE}.Release|Any CPU.ActiveCfg = Release|Any CPU
		{2A02A831-B8A2-431F-80ED-6EB6050DB4CE}.Release|Any CPU.Build.0 = Release|Any CPU
		{317040A3-CD4E-4B90-B8DD-EDFCF20CF0F8}.Debug|Any CPU.ActiveCfg = Debug|Any CPU
		{317040A3-CD4E-4B90-B8DD-EDFCF20CF0F8}.Debug|Any CPU.Build.0 = Debug|Any CPU
		{317040A3-CD4E-4B90-B8DD-EDFCF20CF0F8}.Release|Any CPU.ActiveCfg = Release|Any CPU
		{317040A3-CD4E-4B90-B8DD-EDFCF20CF0F8}.Release|Any CPU.Build.0 = Release|Any CPU
		{B0D59E9A-A695-4DA6-9BC6-2D3912740D73}.Debug|Any CPU.ActiveCfg = Debug|Any CPU
		{B0D59E9A-A695-4DA6-9BC6-2D3912740D73}.Debug|Any CPU.Build.0 = Debug|Any CPU
		{B0D59E9A-A695-4DA6-9BC6-2D3912740D73}.Release|Any CPU.ActiveCfg = Release|Any CPU
		{B0D59E9A-A695-4DA6-9BC6-2D3912740D73}.Release|Any CPU.Build.0 = Release|Any CPU
		{95B5E060-28AD-46B8-95E3-39DA3FC28094}.Debug|Any CPU.ActiveCfg = Debug|Any CPU
		{95B5E060-28AD-46B8-95E3-39DA3FC28094}.Debug|Any CPU.Build.0 = Debug|Any CPU
		{95B5E060-28AD-46B8-95E3-39DA3FC28094}.Release|Any CPU.ActiveCfg = Release|Any CPU
		{95B5E060-28AD-46B8-95E3-39DA3FC28094}.Release|Any CPU.Build.0 = Release|Any CPU
		{F54642E5-113B-424E-A317-F2A90A9405CA}.Debug|Any CPU.ActiveCfg = Debug|Any CPU
		{F54642E5-113B-424E-A317-F2A90A9405CA}.Debug|Any CPU.Build.0 = Debug|Any CPU
		{F54642E5-113B-424E-A317-F2A90A9405CA}.Release|Any CPU.ActiveCfg = Release|Any CPU
		{F54642E5-113B-424E-A317-F2A90A9405CA}.Release|Any CPU.Build.0 = Release|Any CPU
		{E3F21BBB-F2F5-42E5-BA29-7A40E28F6186}.Debug|Any CPU.ActiveCfg = Debug|Any CPU
		{E3F21BBB-F2F5-42E5-BA29-7A40E28F6186}.Debug|Any CPU.Build.0 = Debug|Any CPU
		{E3F21BBB-F2F5-42E5-BA29-7A40E28F6186}.Release|Any CPU.ActiveCfg = Release|Any CPU
		{E3F21BBB-F2F5-42E5-BA29-7A40E28F6186}.Release|Any CPU.Build.0 = Release|Any CPU
		{5D35F231-CA81-4B50-BFB7-FC8EC01AAB4A}.Debug|Any CPU.ActiveCfg = Debug|Any CPU
		{5D35F231-CA81-4B50-BFB7-FC8EC01AAB4A}.Debug|Any CPU.Build.0 = Debug|Any CPU
		{5D35F231-CA81-4B50-BFB7-FC8EC01AAB4A}.Release|Any CPU.ActiveCfg = Release|Any CPU
		{5D35F231-CA81-4B50-BFB7-FC8EC01AAB4A}.Release|Any CPU.Build.0 = Release|Any CPU
		{8FBAE068-7396-42D6-B5D9-571405A3B4A6}.Debug|Any CPU.ActiveCfg = Debug|Any CPU
		{8FBAE068-7396-42D6-B5D9-571405A3B4A6}.Debug|Any CPU.Build.0 = Debug|Any CPU
		{8FBAE068-7396-42D6-B5D9-571405A3B4A6}.Release|Any CPU.ActiveCfg = Release|Any CPU
		{8FBAE068-7396-42D6-B5D9-571405A3B4A6}.Release|Any CPU.Build.0 = Release|Any CPU
		{7558DD12-1F75-4F50-9664-A68A09E1D49D}.Debug|Any CPU.ActiveCfg = Debug|Any CPU
		{7558DD12-1F75-4F50-9664-A68A09E1D49D}.Debug|Any CPU.Build.0 = Debug|Any CPU
		{7558DD12-1F75-4F50-9664-A68A09E1D49D}.Release|Any CPU.ActiveCfg = Release|Any CPU
		{7558DD12-1F75-4F50-9664-A68A09E1D49D}.Release|Any CPU.Build.0 = Release|Any CPU
		{813C6169-938F-4989-BC2E-EE8F97989A94}.Debug|Any CPU.ActiveCfg = Debug|Any CPU
		{813C6169-938F-4989-BC2E-EE8F97989A94}.Debug|Any CPU.Build.0 = Debug|Any CPU
		{813C6169-938F-4989-BC2E-EE8F97989A94}.Release|Any CPU.ActiveCfg = Release|Any CPU
		{813C6169-938F-4989-BC2E-EE8F97989A94}.Release|Any CPU.Build.0 = Release|Any CPU
		{D4FE7C94-EA58-4875-8F52-58E66EB96996}.Debug|Any CPU.ActiveCfg = Debug|Any CPU
		{D4FE7C94-EA58-4875-8F52-58E66EB96996}.Debug|Any CPU.Build.0 = Debug|Any CPU
		{D4FE7C94-EA58-4875-8F52-58E66EB96996}.Release|Any CPU.ActiveCfg = Release|Any CPU
		{D4FE7C94-EA58-4875-8F52-58E66EB96996}.Release|Any CPU.Build.0 = Release|Any CPU
		{68F939CB-BFE5-4BDA-AC85-43A9075D108B}.Debug|Any CPU.ActiveCfg = Debug|Any CPU
		{68F939CB-BFE5-4BDA-AC85-43A9075D108B}.Debug|Any CPU.Build.0 = Debug|Any CPU
		{68F939CB-BFE5-4BDA-AC85-43A9075D108B}.Release|Any CPU.ActiveCfg = Release|Any CPU
		{68F939CB-BFE5-4BDA-AC85-43A9075D108B}.Release|Any CPU.Build.0 = Release|Any CPU
		{ECF44D3E-4A39-4C34-A4E7-0311C74231C8}.Debug|Any CPU.ActiveCfg = Debug|Any CPU
		{ECF44D3E-4A39-4C34-A4E7-0311C74231C8}.Debug|Any CPU.Build.0 = Debug|Any CPU
		{ECF44D3E-4A39-4C34-A4E7-0311C74231C8}.Release|Any CPU.ActiveCfg = Release|Any CPU
		{ECF44D3E-4A39-4C34-A4E7-0311C74231C8}.Release|Any CPU.Build.0 = Release|Any CPU
		{AF4CCF48-0DDE-4C0A-8E70-3BFBFD062940}.Debug|Any CPU.ActiveCfg = Debug|Any CPU
		{AF4CCF48-0DDE-4C0A-8E70-3BFBFD062940}.Debug|Any CPU.Build.0 = Debug|Any CPU
		{AF4CCF48-0DDE-4C0A-8E70-3BFBFD062940}.Release|Any CPU.ActiveCfg = Release|Any CPU
		{AF4CCF48-0DDE-4C0A-8E70-3BFBFD062940}.Release|Any CPU.Build.0 = Release|Any CPU
		{B164EF13-FB3B-4A6D-B5C1-7DB349736128}.Debug|Any CPU.ActiveCfg = Debug|Any CPU
		{B164EF13-FB3B-4A6D-B5C1-7DB349736128}.Debug|Any CPU.Build.0 = Debug|Any CPU
		{B164EF13-FB3B-4A6D-B5C1-7DB349736128}.Release|Any CPU.ActiveCfg = Release|Any CPU
		{B164EF13-FB3B-4A6D-B5C1-7DB349736128}.Release|Any CPU.Build.0 = Release|Any CPU
	EndGlobalSection
	GlobalSection(SolutionProperties) = preSolution
		HideSolutionNode = FALSE
	EndGlobalSection
	GlobalSection(ExtensibilityGlobals) = postSolution
		SolutionGuid = {BB055814-52CE-4570-8646-AD9628231151}
	EndGlobalSection
EndGlobal
